
Microsoft Visual Studio Solution File, Format Version 12.00
# Visual Studio Version 16
VisualStudioVersion = 16.0.31729.503
MinimumVisualStudioVersion = 10.0.40219.1
Project("{FAE04EC0-301F-11D3-BF4B-00C04F79EFBC}") = "PersegiPanjang", "PersegiPanjang\PersegiPanjang.csproj", "{7C4FC802-1E33-4D6F-809D-642303617E2E}"
EndProject
Global
	GlobalSection(SolutionConfigurationPlatforms) = preSolution
		Debug|Any CPU = Debug|Any CPU
		Release|Any CPU = Release|Any CPU
	EndGlobalSection
	GlobalSection(ProjectConfigurationPlatforms) = postSolution
		{7C4FC802-1E33-4D6F-809D-642303617E2E}.Debug|Any CPU.ActiveCfg = Debug|Any CPU
		{7C4FC802-1E33-4D6F-809D-642303617E2E}.Debug|Any CPU.Build.0 = Debug|Any CPU
		{7C4FC802-1E33-4D6F-809D-642303617E2E}.Release|Any CPU.ActiveCfg = Release|Any CPU
		{7C4FC802-1E33-4D6F-809D-642303617E2E}.Release|Any CPU.Build.0 = Release|Any CPU
	EndGlobalSection
	GlobalSection(SolutionProperties) = preSolution
		HideSolutionNode = FALSE
	EndGlobalSection
	GlobalSection(ExtensibilityGlobals) = postSolution
		SolutionGuid = {3E624F3F-B99C-4A9B-8A84-0E813F1076F5}
	EndGlobalSection
EndGlobal
